
Microsoft Visual Studio Solution File, Format Version 12.00
# Visual Studio Version 16
VisualStudioVersion = 16.0.29001.49
MinimumVisualStudioVersion = 10.0.40219.1
Project("{FAE04EC0-301F-11D3-BF4B-00C04F79EFBC}") = "ESOFT", "ESOFT.csproj", "{8DEE82D8-B7ED-463A-B918-B5C950A5C177}"
EndProject
Global
	GlobalSection(SolutionConfigurationPlatforms) = preSolution
		Debug|Any CPU = Debug|Any CPU
		Release|Any CPU = Release|Any CPU
	EndGlobalSection
	GlobalSection(ProjectConfigurationPlatforms) = postSolution
		{8DEE82D8-B7ED-463A-B918-B5C950A5C177}.Debug|Any CPU.ActiveCfg = Debug|Any CPU
		{8DEE82D8-B7ED-463A-B918-B5C950A5C177}.Debug|Any CPU.Build.0 = Debug|Any CPU
		{8DEE82D8-B7ED-463A-B918-B5C950A5C177}.Release|Any CPU.ActiveCfg = Release|Any CPU
		{8DEE82D8-B7ED-463A-B918-B5C950A5C177}.Release|Any CPU.Build.0 = Release|Any CPU
	EndGlobalSection
	GlobalSection(SolutionProperties) = preSolution
		HideSolutionNode = FALSE
	EndGlobalSection
	GlobalSection(ExtensibilityGlobals) = postSolution
		SolutionGuid = {1D55E029-1DE4-41BE-8B6C-2088A293AE5B}
	EndGlobalSection
EndGlobal
